// !$*UTF8*$!
{
	archiveVersion = 1;
	classes = {
	};
	objectVersion = 56;
	objects = {

/* Begin PBXBuildFile section */
		8EDF52212D153DDB002F8928 /* ContentView.swift in Sources */ = {isa = PBXBuildFile; fileRef = 8EDF52202D153DDB002F8928 /* ContentView.swift */; };
		8EDF52232D153DDD002F8928 /* Assets.xcassets in Resources */ = {isa = PBXBuildFile; fileRef = 8EDF52222D153DDD002F8928 /* Assets.xcassets */; };
		8EDF52262D153DDD002F8928 /* Preview Assets.xcassets in Resources */ = {isa = PBXBuildFile; fileRef = 8EDF52252D153DDD002F8928 /* Preview Assets.xcassets */; };
		8EDF52302D153DDD002F8928 /* imager2Tests.swift in Sources */ = {isa = PBXBuildFile; fileRef = 8EDF522F2D153DDD002F8928 /* imager2Tests.swift */; };
		8EDF523A2D153DDD002F8928 /* imager2UITests.swift in Sources */ = {isa = PBXBuildFile; fileRef = 8EDF52392D153DDD002F8928 /* imager2UITests.swift */; };
		8EDF523C2D153DDD002F8928 /* imager2UITestsLaunchTests.swift in Sources */ = {isa = PBXBuildFile; fileRef = 8EDF523B2D153DDD002F8928 /* imager2UITestsLaunchTests.swift */; };
		8EDF524A2D153FF0002F8928 /* RecognitionLanguage.swift in Sources */ = {isa = PBXBuildFile; fileRef = 8EDF52492D153FF0002F8928 /* RecognitionLanguage.swift */; };
		8EDF524D2D15402F002F8928 /* ImageButtonView.swift in Sources */ = {isa = PBXBuildFile; fileRef = 8EDF524C2D15402F002F8928 /* ImageButtonView.swift */; };
		8EDF524F2D154041002F8928 /* ShareSheet.swift in Sources */ = {isa = PBXBuildFile; fileRef = 8EDF524E2D154041002F8928 /* ShareSheet.swift */; };
		8EDF52512D154052002F8928 /* ImagePicker.swift in Sources */ = {isa = PBXBuildFile; fileRef = 8EDF52502D154052002F8928 /* ImagePicker.swift */; };
		8EDF52532D15406E002F8928 /* CameraView.swift in Sources */ = {isa = PBXBuildFile; fileRef = 8EDF52522D15406E002F8928 /* CameraView.swift */; };
		8EDF52552D154655002F8928 /* LocalDocument.swift in Sources */ = {isa = PBXBuildFile; fileRef = 8EDF52542D154655002F8928 /* LocalDocument.swift */; };
		8EDF52592D1546F8002F8928 /* imager2.swift in Sources */ = {isa = PBXBuildFile; fileRef = 8EDF52582D1546F8002F8928 /* imager2.swift */; };
		8EDF525F2D154866002F8928 /* LocalStorageManager.swift in Sources */ = {isa = PBXBuildFile; fileRef = 8EDF525E2D154866002F8928 /* LocalStorageManager.swift */; };
		8EDF52622D154894002F8928 /* TextEditorView.swift in Sources */ = {isa = PBXBuildFile; fileRef = 8EDF52612D154894002F8928 /* TextEditorView.swift */; };
		8EDF52642D1548ED002F8928 /* DocumentListView.swift in Sources */ = {isa = PBXBuildFile; fileRef = 8EDF52632D1548ED002F8928 /* DocumentListView.swift */; };
		8EDF52662D154963002F8928 /* NewDocumentView.swift in Sources */ = {isa = PBXBuildFile; fileRef = 8EDF52652D154963002F8928 /* NewDocumentView.swift */; };
		8EDF52682D154B46002F8928 /* DocumentVersion.swift in Sources */ = {isa = PBXBuildFile; fileRef = 8EDF52672D154B46002F8928 /* DocumentVersion.swift */; };
		8EDF526A2D154B63002F8928 /* TextStatistics.swift in Sources */ = {isa = PBXBuildFile; fileRef = 8EDF52692D154B63002F8928 /* TextStatistics.swift */; };
		8EDF526C2D154B7F002F8928 /* PDFExporter.swift in Sources */ = {isa = PBXBuildFile; fileRef = 8EDF526B2D154B7F002F8928 /* PDFExporter.swift */; };
		8EDF526E2D154B99002F8928 /* SpeechRecognitionView.swift in Sources */ = {isa = PBXBuildFile; fileRef = 8EDF526D2D154B99002F8928 /* SpeechRecognitionView.swift */; };
/* End PBXBuildFile section */

/* Begin PBXContainerItemProxy section */
		8EDF522C2D153DDD002F8928 /* PBXContainerItemProxy */ = {
			isa = PBXContainerItemProxy;
			containerPortal = 8EDF52132D153DDB002F8928 /* Project object */;
			proxyType = 1;
			remoteGlobalIDString = 8EDF521A2D153DDB002F8928;
			remoteInfo = imager2;
		};
		8EDF52362D153DDD002F8928 /* PBXContainerItemProxy */ = {
			isa = PBXContainerItemProxy;
			containerPortal = 8EDF52132D153DDB002F8928 /* Project object */;
			proxyType = 1;
			remoteGlobalIDString = 8EDF521A2D153DDB002F8928;
			remoteInfo = imager2;
		};
/* End PBXContainerItemProxy section */

/* Begin PBXFileReference section */
		8EDF521B2D153DDB002F8928 /* imager2.app */ = {isa = PBXFileReference; explicitFileType = wrapper.application; includeInIndex = 0; path = imager2.app; sourceTree = BUILT_PRODUCTS_DIR; };
		8EDF52202D153DDB002F8928 /* ContentView.swift */ = {isa = PBXFileReference; lastKnownFileType = sourcecode.swift; path = ContentView.swift; sourceTree = "<group>"; };
		8EDF52222D153DDD002F8928 /* Assets.xcassets */ = {isa = PBXFileReference; lastKnownFileType = folder.assetcatalog; path = Assets.xcassets; sourceTree = "<group>"; };
		8EDF52252D153DDD002F8928 /* Preview Assets.xcassets */ = {isa = PBXFileReference; lastKnownFileType = folder.assetcatalog; path = "Preview Assets.xcassets"; sourceTree = "<group>"; };
		8EDF522B2D153DDD002F8928 /* imager2Tests.xctest */ = {isa = PBXFileReference; explicitFileType = wrapper.cfbundle; includeInIndex = 0; path = imager2Tests.xctest; sourceTree = BUILT_PRODUCTS_DIR; };
		8EDF522F2D153DDD002F8928 /* imager2Tests.swift */ = {isa = PBXFileReference; lastKnownFileType = sourcecode.swift; path = imager2Tests.swift; sourceTree = "<group>"; };
		8EDF52352D153DDD002F8928 /* imager2UITests.xctest */ = {isa = PBXFileReference; explicitFileType = wrapper.cfbundle; includeInIndex = 0; path = imager2UITests.xctest; sourceTree = BUILT_PRODUCTS_DIR; };
		8EDF52392D153DDD002F8928 /* imager2UITests.swift */ = {isa = PBXFileReference; lastKnownFileType = sourcecode.swift; path = imager2UITests.swift; sourceTree = "<group>"; };
		8EDF523B2D153DDD002F8928 /* imager2UITestsLaunchTests.swift */ = {isa = PBXFileReference; lastKnownFileType = sourcecode.swift; path = imager2UITestsLaunchTests.swift; sourceTree = "<group>"; };
		8EDF52492D153FF0002F8928 /* RecognitionLanguage.swift */ = {isa = PBXFileReference; lastKnownFileType = sourcecode.swift; path = RecognitionLanguage.swift; sourceTree = "<group>"; };
		8EDF524C2D15402F002F8928 /* ImageButtonView.swift */ = {isa = PBXFileReference; lastKnownFileType = sourcecode.swift; path = ImageButtonView.swift; sourceTree = "<group>"; };
		8EDF524E2D154041002F8928 /* ShareSheet.swift */ = {isa = PBXFileReference; lastKnownFileType = sourcecode.swift; path = ShareSheet.swift; sourceTree = "<group>"; };
		8EDF52502D154052002F8928 /* ImagePicker.swift */ = {isa = PBXFileReference; lastKnownFileType = sourcecode.swift; path = ImagePicker.swift; sourceTree = "<group>"; };
		8EDF52522D15406E002F8928 /* CameraView.swift */ = {isa = PBXFileReference; lastKnownFileType = sourcecode.swift; path = CameraView.swift; sourceTree = "<group>"; };
		8EDF52542D154655002F8928 /* LocalDocument.swift */ = {isa = PBXFileReference; lastKnownFileType = sourcecode.swift; path = LocalDocument.swift; sourceTree = "<group>"; };
		8EDF52582D1546F8002F8928 /* imager2.swift */ = {isa = PBXFileReference; lastKnownFileType = sourcecode.swift; path = imager2.swift; sourceTree = "<group>"; };
		8EDF525E2D154866002F8928 /* LocalStorageManager.swift */ = {isa = PBXFileReference; lastKnownFileType = sourcecode.swift; path = LocalStorageManager.swift; sourceTree = "<group>"; };
		8EDF52612D154894002F8928 /* TextEditorView.swift */ = {isa = PBXFileReference; lastKnownFileType = sourcecode.swift; path = TextEditorView.swift; sourceTree = "<group>"; };
		8EDF52632D1548ED002F8928 /* DocumentListView.swift */ = {isa = PBXFileReference; lastKnownFileType = sourcecode.swift; path = DocumentListView.swift; sourceTree = "<group>"; };
		8EDF52652D154963002F8928 /* NewDocumentView.swift */ = {isa = PBXFileReference; lastKnownFileType = sourcecode.swift; path = NewDocumentView.swift; sourceTree = "<group>"; };
		8EDF52672D154B46002F8928 /* DocumentVersion.swift */ = {isa = PBXFileReference; lastKnownFileType = sourcecode.swift; path = DocumentVersion.swift; sourceTree = "<group>"; };
		8EDF52692D154B63002F8928 /* TextStatistics.swift */ = {isa = PBXFileReference; lastKnownFileType = sourcecode.swift; path = TextStatistics.swift; sourceTree = "<group>"; };
		8EDF526B2D154B7F002F8928 /* PDFExporter.swift */ = {isa = PBXFileReference; lastKnownFileType = sourcecode.swift; path = PDFExporter.swift; sourceTree = "<group>"; };
		8EDF526D2D154B99002F8928 /* SpeechRecognitionView.swift */ = {isa = PBXFileReference; lastKnownFileType = sourcecode.swift; path = SpeechRecognitionView.swift; sourceTree = "<group>"; };
/* End PBXFileReference section */

/* Begin PBXFrameworksBuildPhase section */
		8EDF52182D153DDB002F8928 /* Frameworks */ = {
			isa = PBXFrameworksBuildPhase;
			buildActionMask = 2147483647;
			files = (
			);
			runOnlyForDeploymentPostprocessing = 0;
		};
		8EDF52282D153DDD002F8928 /* Frameworks */ = {
			isa = PBXFrameworksBuildPhase;
			buildActionMask = 2147483647;
			files = (
			);
			runOnlyForDeploymentPostprocessing = 0;
		};
		8EDF52322D153DDD002F8928 /* Frameworks */ = {
			isa = PBXFrameworksBuildPhase;
			buildActionMask = 2147483647;
			files = (
			);
			runOnlyForDeploymentPostprocessing = 0;
		};
/* End PBXFrameworksBuildPhase section */

/* Begin PBXGroup section */
		8EDF52122D153DDB002F8928 = {
			isa = PBXGroup;
			children = (
				8EDF521D2D153DDB002F8928 /* imager2 */,
				8EDF522E2D153DDD002F8928 /* imager2Tests */,
				8EDF52382D153DDD002F8928 /* imager2UITests */,
				8EDF521C2D153DDB002F8928 /* Products */,
			);
			sourceTree = "<group>";
		};
		8EDF521C2D153DDB002F8928 /* Products */ = {
			isa = PBXGroup;
			children = (
				8EDF521B2D153DDB002F8928 /* imager2.app */,
				8EDF522B2D153DDD002F8928 /* imager2Tests.xctest */,
				8EDF52352D153DDD002F8928 /* imager2UITests.xctest */,
			);
			name = Products;
			sourceTree = "<group>";
		};
		8EDF521D2D153DDB002F8928 /* imager2 */ = {
			isa = PBXGroup;
			children = (
				8EDF52582D1546F8002F8928 /* imager2.swift */,
				8EDF52202D153DDB002F8928 /* ContentView.swift */,
				8EDF52482D153FD0002F8928 /* Models */,
				8EDF524B2D154018002F8928 /* Views */,
				8EDF52222D153DDD002F8928 /* Assets.xcassets */,
				8EDF52242D153DDD002F8928 /* Preview Content */,
			);
			path = imager2;
			sourceTree = "<group>";
		};
		8EDF52242D153DDD002F8928 /* Preview Content */ = {
			isa = PBXGroup;
			children = (
				8EDF52252D153DDD002F8928 /* Preview Assets.xcassets */,
			);
			path = "Preview Content";
			sourceTree = "<group>";
		};
		8EDF522E2D153DDD002F8928 /* imager2Tests */ = {
			isa = PBXGroup;
			children = (
				8EDF522F2D153DDD002F8928 /* imager2Tests.swift */,
			);
			path = imager2Tests;
			sourceTree = "<group>";
		};
		8EDF52382D153DDD002F8928 /* imager2UITests */ = {
			isa = PBXGroup;
			children = (
				8EDF52392D153DDD002F8928 /* imager2UITests.swift */,
				8EDF523B2D153DDD002F8928 /* imager2UITestsLaunchTests.swift */,
			);
			path = imager2UITests;
			sourceTree = "<group>";
		};
		8EDF52482D153FD0002F8928 /* Models */ = {
			isa = PBXGroup;
			children = (
				8EDF52492D153FF0002F8928 /* RecognitionLanguage.swift */,
				8EDF52542D154655002F8928 /* LocalDocument.swift */,
				8EDF525E2D154866002F8928 /* LocalStorageManager.swift */,
			);
			path = Models;
			sourceTree = "<group>";
		};
		8EDF524B2D154018002F8928 /* Views */ = {
			isa = PBXGroup;
			children = (
				8EDF52602D154886002F8928 /* Main Views */,
				8EDF524C2D15402F002F8928 /* ImageButtonView.swift */,
				8EDF524E2D154041002F8928 /* ShareSheet.swift */,
				8EDF52502D154052002F8928 /* ImagePicker.swift */,
				8EDF52522D15406E002F8928 /* CameraView.swift */,
			);
			name = Views;
			sourceTree = "<group>";
		};
		8EDF52602D154886002F8928 /* Main Views */ = {
			isa = PBXGroup;
			children = (
				8EDF52612D154894002F8928 /* TextEditorView.swift */,
				8EDF52672D154B46002F8928 /* DocumentVersion.swift */,
				8EDF52692D154B63002F8928 /* TextStatistics.swift */,
				8EDF526B2D154B7F002F8928 /* PDFExporter.swift */,
				8EDF526D2D154B99002F8928 /* SpeechRecognitionView.swift */,
				8EDF52632D1548ED002F8928 /* DocumentListView.swift */,
				8EDF52652D154963002F8928 /* NewDocumentView.swift */,
			);
			name = "Main Views";
			sourceTree = "<group>";
		};
/* End PBXGroup section */

/* Begin PBXNativeTarget section */
		8EDF521A2D153DDB002F8928 /* imager2 */ = {
			isa = PBXNativeTarget;
			buildConfigurationList = 8EDF523F2D153DDD002F8928 /* Build configuration list for PBXNativeTarget "imager2" */;
			buildPhases = (
				8EDF52172D153DDB002F8928 /* Sources */,
				8EDF52182D153DDB002F8928 /* Frameworks */,
				8EDF52192D153DDB002F8928 /* Resources */,
			);
			buildRules = (
			);
			dependencies = (
			);
			name = imager2;
			productName = imager2;
			productReference = 8EDF521B2D153DDB002F8928 /* imager2.app */;
			productType = "com.apple.product-type.application";
		};
		8EDF522A2D153DDD002F8928 /* imager2Tests */ = {
			isa = PBXNativeTarget;
			buildConfigurationList = 8EDF52422D153DDD002F8928 /* Build configuration list for PBXNativeTarget "imager2Tests" */;
			buildPhases = (
				8EDF52272D153DDD002F8928 /* Sources */,
				8EDF52282D153DDD002F8928 /* Frameworks */,
				8EDF52292D153DDD002F8928 /* Resources */,
			);
			buildRules = (
			);
			dependencies = (
				8EDF522D2D153DDD002F8928 /* PBXTargetDependency */,
			);
			name = imager2Tests;
			productName = imager2Tests;
			productReference = 8EDF522B2D153DDD002F8928 /* imager2Tests.xctest */;
			productType = "com.apple.product-type.bundle.unit-test";
		};
		8EDF52342D153DDD002F8928 /* imager2UITests */ = {
			isa = PBXNativeTarget;
			buildConfigurationList = 8EDF52452D153DDD002F8928 /* Build configuration list for PBXNativeTarget "imager2UITests" */;
			buildPhases = (
				8EDF52312D153DDD002F8928 /* Sources */,
				8EDF52322D153DDD002F8928 /* Frameworks */,
				8EDF52332D153DDD002F8928 /* Resources */,
			);
			buildRules = (
			);
			dependencies = (
				8EDF52372D153DDD002F8928 /* PBXTargetDependency */,
			);
			name = imager2UITests;
			productName = imager2UITests;
			productReference = 8EDF52352D153DDD002F8928 /* imager2UITests.xctest */;
			productType = "com.apple.product-type.bundle.ui-testing";
		};
/* End PBXNativeTarget section */

/* Begin PBXProject section */
		8EDF52132D153DDB002F8928 /* Project object */ = {
			isa = PBXProject;
			attributes = {
				BuildIndependentTargetsInParallel = 1;
				LastSwiftUpdateCheck = 1520;
				LastUpgradeCheck = 1520;
				TargetAttributes = {
					8EDF521A2D153DDB002F8928 = {
						CreatedOnToolsVersion = 15.2;
					};
					8EDF522A2D153DDD002F8928 = {
						CreatedOnToolsVersion = 15.2;
						TestTargetID = 8EDF521A2D153DDB002F8928;
					};
					8EDF52342D153DDD002F8928 = {
						CreatedOnToolsVersion = 15.2;
						TestTargetID = 8EDF521A2D153DDB002F8928;
					};
				};
			};
			buildConfigurationList = 8EDF52162D153DDB002F8928 /* Build configuration list for PBXProject "imager2" */;
			compatibilityVersion = "Xcode 14.0";
			developmentRegion = en;
			hasScannedForEncodings = 0;
			knownRegions = (
				en,
				Base,
			);
			mainGroup = 8EDF52122D153DDB002F8928;
			productRefGroup = 8EDF521C2D153DDB002F8928 /* Products */;
			projectDirPath = "";
			projectRoot = "";
			targets = (
				8EDF521A2D153DDB002F8928 /* imager2 */,
				8EDF522A2D153DDD002F8928 /* imager2Tests */,
				8EDF52342D153DDD002F8928 /* imager2UITests */,
			);
		};
/* End PBXProject section */

/* Begin PBXResourcesBuildPhase section */
		8EDF52192D153DDB002F8928 /* Resources */ = {
			isa = PBXResourcesBuildPhase;
			buildActionMask = 2147483647;
			files = (
				8EDF52262D153DDD002F8928 /* Preview Assets.xcassets in Resources */,
				8EDF52232D153DDD002F8928 /* Assets.xcassets in Resources */,
			);
			runOnlyForDeploymentPostprocessing = 0;
		};
		8EDF52292D153DDD002F8928 /* Resources */ = {
			isa = PBXResourcesBuildPhase;
			buildActionMask = 2147483647;
			files = (
			);
			runOnlyForDeploymentPostprocessing = 0;
		};
		8EDF52332D153DDD002F8928 /* Resources */ = {
			isa = PBXResourcesBuildPhase;
			buildActionMask = 2147483647;
			files = (
			);
			runOnlyForDeploymentPostprocessing = 0;
		};
/* End PBXResourcesBuildPhase section */

/* Begin PBXSourcesBuildPhase section */
		8EDF52172D153DDB002F8928 /* Sources */ = {
			isa = PBXSourcesBuildPhase;
			buildActionMask = 2147483647;
			files = (
				8EDF52642D1548ED002F8928 /* DocumentListView.swift in Sources */,
				8EDF526A2D154B63002F8928 /* TextStatistics.swift in Sources */,
				8EDF525F2D154866002F8928 /* LocalStorageManager.swift in Sources */,
				8EDF52552D154655002F8928 /* LocalDocument.swift in Sources */,
				8EDF524A2D153FF0002F8928 /* RecognitionLanguage.swift in Sources */,
				8EDF52682D154B46002F8928 /* DocumentVersion.swift in Sources */,
				8EDF52662D154963002F8928 /* NewDocumentView.swift in Sources */,
				8EDF52532D15406E002F8928 /* CameraView.swift in Sources */,
				8EDF524F2D154041002F8928 /* ShareSheet.swift in Sources */,
				8EDF52212D153DDB002F8928 /* ContentView.swift in Sources */,
				8EDF526E2D154B99002F8928 /* SpeechRecognitionView.swift in Sources */,
				8EDF526C2D154B7F002F8928 /* PDFExporter.swift in Sources */,
				8EDF52512D154052002F8928 /* ImagePicker.swift in Sources */,
				8EDF524D2D15402F002F8928 /* ImageButtonView.swift in Sources */,
				8EDF52622D154894002F8928 /* TextEditorView.swift in Sources */,
				8EDF52592D1546F8002F8928 /* imager2.swift in Sources */,
			);
			runOnlyForDeploymentPostprocessing = 0;
		};
		8EDF52272D153DDD002F8928 /* Sources */ = {
			isa = PBXSourcesBuildPhase;
			buildActionMask = 2147483647;
			files = (
				8EDF52302D153DDD002F8928 /* imager2Tests.swift in Sources */,
			);
			runOnlyForDeploymentPostprocessing = 0;
		};
		8EDF52312D153DDD002F8928 /* Sources */ = {
			isa = PBXSourcesBuildPhase;
			buildActionMask = 2147483647;
			files = (
				8EDF523C2D153DDD002F8928 /* imager2UITestsLaunchTests.swift in Sources */,
				8EDF523A2D153DDD002F8928 /* imager2UITests.swift in Sources */,
			);
			runOnlyForDeploymentPostprocessing = 0;
		};
/* End PBXSourcesBuildPhase section */

/* Begin PBXTargetDependency section */
		8EDF522D2D153DDD002F8928 /* PBXTargetDependency */ = {
			isa = PBXTargetDependency;
			target = 8EDF521A2D153DDB002F8928 /* imager2 */;
			targetProxy = 8EDF522C2D153DDD002F8928 /* PBXContainerItemProxy */;
		};
		8EDF52372D153DDD002F8928 /* PBXTargetDependency */ = {
			isa = PBXTargetDependency;
			target = 8EDF521A2D153DDB002F8928 /* imager2 */;
			targetProxy = 8EDF52362D153DDD002F8928 /* PBXContainerItemProxy */;
		};
/* End PBXTargetDependency section */

/* Begin XCBuildConfiguration section */
		8EDF523D2D153DDD002F8928 /* Debug */ = {
			isa = XCBuildConfiguration;
			buildSettings = {
				ALWAYS_SEARCH_USER_PATHS = NO;
				ASSETCATALOG_COMPILER_GENERATE_SWIFT_ASSET_SYMBOL_EXTENSIONS = YES;
				CLANG_ANALYZER_NONNULL = YES;
				CLANG_ANALYZER_NUMBER_OBJECT_CONVERSION = YES_AGGRESSIVE;
				CLANG_CXX_LANGUAGE_STANDARD = "gnu++20";
				CLANG_ENABLE_MODULES = YES;
				CLANG_ENABLE_OBJC_ARC = YES;
				CLANG_ENABLE_OBJC_WEAK = YES;
				CLANG_WARN_BLOCK_CAPTURE_AUTORELEASING = YES;
				CLANG_WARN_BOOL_CONVERSION = YES;
				CLANG_WARN_COMMA = YES;
				CLANG_WARN_CONSTANT_CONVERSION = YES;
				CLANG_WARN_DEPRECATED_OBJC_IMPLEMENTATIONS = YES;
				CLANG_WARN_DIRECT_OBJC_ISA_USAGE = YES_ERROR;
				CLANG_WARN_DOCUMENTATION_COMMENTS = YES;
				CLANG_WARN_EMPTY_BODY = YES;
				CLANG_WARN_ENUM_CONVERSION = YES;
				CLANG_WARN_INFINITE_RECURSION = YES;
				CLANG_WARN_INT_CONVERSION = YES;
				CLANG_WARN_NON_LITERAL_NULL_CONVERSION = YES;
				CLANG_WARN_OBJC_IMPLICIT_RETAIN_SELF = YES;
				CLANG_WARN_OBJC_LITERAL_CONVERSION = YES;
				CLANG_WARN_OBJC_ROOT_CLASS = YES_ERROR;
				CLANG_WARN_QUOTED_INCLUDE_IN_FRAMEWORK_HEADER = YES;
				CLANG_WARN_RANGE_LOOP_ANALYSIS = YES;
				CLANG_WARN_STRICT_PROTOTYPES = YES;
				CLANG_WARN_SUSPICIOUS_MOVE = YES;
				CLANG_WARN_UNGUARDED_AVAILABILITY = YES_AGGRESSIVE;
				CLANG_WARN_UNREACHABLE_CODE = YES;
				CLANG_WARN__DUPLICATE_METHOD_MATCH = YES;
				COPY_PHASE_STRIP = NO;
				DEBUG_INFORMATION_FORMAT = dwarf;
				ENABLE_STRICT_OBJC_MSGSEND = YES;
				ENABLE_TESTABILITY = YES;
				ENABLE_USER_SCRIPT_SANDBOXING = YES;
				GCC_C_LANGUAGE_STANDARD = gnu17;
				GCC_DYNAMIC_NO_PIC = NO;
				GCC_NO_COMMON_BLOCKS = YES;
				GCC_OPTIMIZATION_LEVEL = 0;
				GCC_PREPROCESSOR_DEFINITIONS = (
					"DEBUG=1",
					"$(inherited)",
				);
				GCC_WARN_64_TO_32_BIT_CONVERSION = YES;
				GCC_WARN_ABOUT_RETURN_TYPE = YES_ERROR;
				GCC_WARN_UNDECLARED_SELECTOR = YES;
				GCC_WARN_UNINITIALIZED_AUTOS = YES_AGGRESSIVE;
				GCC_WARN_UNUSED_FUNCTION = YES;
				GCC_WARN_UNUSED_VARIABLE = YES;
				IPHONEOS_DEPLOYMENT_TARGET = 17.2;
				LOCALIZATION_PREFERS_STRING_CATALOGS = YES;
				MTL_ENABLE_DEBUG_INFO = INCLUDE_SOURCE;
				MTL_FAST_MATH = YES;
				ONLY_ACTIVE_ARCH = YES;
				SDKROOT = iphoneos;
				SWIFT_ACTIVE_COMPILATION_CONDITIONS = "DEBUG $(inherited)";
				SWIFT_OPTIMIZATION_LEVEL = "-Onone";
			};
			name = Debug;
		};
		8EDF523E2D153DDD002F8928 /* Release */ = {
			isa = XCBuildConfiguration;
			buildSettings = {
				ALWAYS_SEARCH_USER_PATHS = NO;
				ASSETCATALOG_COMPILER_GENERATE_SWIFT_ASSET_SYMBOL_EXTENSIONS = YES;
				CLANG_ANALYZER_NONNULL = YES;
				CLANG_ANALYZER_NUMBER_OBJECT_CONVERSION = YES_AGGRESSIVE;
				CLANG_CXX_LANGUAGE_STANDARD = "gnu++20";
				CLANG_ENABLE_MODULES = YES;
				CLANG_ENABLE_OBJC_ARC = YES;
				CLANG_ENABLE_OBJC_WEAK = YES;
				CLANG_WARN_BLOCK_CAPTURE_AUTORELEASING = YES;
				CLANG_WARN_BOOL_CONVERSION = YES;
				CLANG_WARN_COMMA = YES;
				CLANG_WARN_CONSTANT_CONVERSION = YES;
				CLANG_WARN_DEPRECATED_OBJC_IMPLEMENTATIONS = YES;
				CLANG_WARN_DIRECT_OBJC_ISA_USAGE = YES_ERROR;
				CLANG_WARN_DOCUMENTATION_COMMENTS = YES;
				CLANG_WARN_EMPTY_BODY = YES;
				CLANG_WARN_ENUM_CONVERSION = YES;
				CLANG_WARN_INFINITE_RECURSION = YES;
				CLANG_WARN_INT_CONVERSION = YES;
				CLANG_WARN_NON_LITERAL_NULL_CONVERSION = YES;
				CLANG_WARN_OBJC_IMPLICIT_RETAIN_SELF = YES;
				CLANG_WARN_OBJC_LITERAL_CONVERSION = YES;
				CLANG_WARN_OBJC_ROOT_CLASS = YES_ERROR;
				CLANG_WARN_QUOTED_INCLUDE_IN_FRAMEWORK_HEADER = YES;
				CLANG_WARN_RANGE_LOOP_ANALYSIS = YES;
				CLANG_WARN_STRICT_PROTOTYPES = YES;
				CLANG_WARN_SUSPICIOUS_MOVE = YES;
				CLANG_WARN_UNGUARDED_AVAILABILITY = YES_AGGRESSIVE;
				CLANG_WARN_UNREACHABLE_CODE = YES;
				CLANG_WARN__DUPLICATE_METHOD_MATCH = YES;
				COPY_PHASE_STRIP = NO;
				DEBUG_INFORMATION_FORMAT = "dwarf-with-dsym";
				ENABLE_NS_ASSERTIONS = NO;
				ENABLE_STRICT_OBJC_MSGSEND = YES;
				ENABLE_USER_SCRIPT_SANDBOXING = YES;
				GCC_C_LANGUAGE_STANDARD = gnu17;
				GCC_NO_COMMON_BLOCKS = YES;
				GCC_WARN_64_TO_32_BIT_CONVERSION = YES;
				GCC_WARN_ABOUT_RETURN_TYPE = YES_ERROR;
				GCC_WARN_UNDECLARED_SELECTOR = YES;
				GCC_WARN_UNINITIALIZED_AUTOS = YES_AGGRESSIVE;
				GCC_WARN_UNUSED_FUNCTION = YES;
				GCC_WARN_UNUSED_VARIABLE = YES;
				IPHONEOS_DEPLOYMENT_TARGET = 17.2;
				LOCALIZATION_PREFERS_STRING_CATALOGS = YES;
				MTL_ENABLE_DEBUG_INFO = NO;
				MTL_FAST_MATH = YES;
				SDKROOT = iphoneos;
				SWIFT_COMPILATION_MODE = wholemodule;
				VALIDATE_PRODUCT = YES;
			};
			name = Release;
		};
		8EDF52402D153DDD002F8928 /* Debug */ = {
			isa = XCBuildConfiguration;
			buildSettings = {
				ASSETCATALOG_COMPILER_APPICON_NAME = AppIcon;
				ASSETCATALOG_COMPILER_GLOBAL_ACCENT_COLOR_NAME = AccentColor;
				CODE_SIGN_STYLE = Automatic;
				CURRENT_PROJECT_VERSION = 1;
				DEVELOPMENT_ASSET_PATHS = "\"imager2/Preview Content\"";
				DEVELOPMENT_TEAM = 625H9BYZCZ;
				ENABLE_PREVIEWS = YES;
				GENERATE_INFOPLIST_FILE = YES;
				INFOPLIST_KEY_NSCameraUsageDescription = "We need camera access to scan text from images";
				INFOPLIST_KEY_NSMicrophoneUsageDescription = "We need access to the microphone to record your voice.";
				INFOPLIST_KEY_NSPhotoLibraryUsageDescription = "We need photo library access to select images for text extraction";
				INFOPLIST_KEY_NSSpeechRecognitionUsageDescription = "We need access to speech recognition to convert your voice to text.";
				INFOPLIST_KEY_UIApplicationSceneManifest_Generation = YES;
				INFOPLIST_KEY_UIApplicationSupportsIndirectInputEvents = YES;
				INFOPLIST_KEY_UILaunchScreen_Generation = YES;
				INFOPLIST_KEY_UISupportedInterfaceOrientations_iPad = "UIInterfaceOrientationPortrait UIInterfaceOrientationPortraitUpsideDown UIInterfaceOrientationLandscapeLeft UIInterfaceOrientationLandscapeRight";
				INFOPLIST_KEY_UISupportedInterfaceOrientations_iPhone = "UIInterfaceOrientationPortrait UIInterfaceOrientationLandscapeLeft UIInterfaceOrientationLandscapeRight";
				LD_RUNPATH_SEARCH_PATHS = (
					"$(inherited)",
					"@executable_path/Frameworks",
				);
				MARKETING_VERSION = 1.0;
				PRODUCT_BUNDLE_IDENTIFIER = com.speedy67.imager2;
				PRODUCT_NAME = "$(TARGET_NAME)";
				SWIFT_EMIT_LOC_STRINGS = YES;
				SWIFT_VERSION = 5.0;
				TARGETED_DEVICE_FAMILY = "1,2";
			};
			name = Debug;
		};
		8EDF52412D153DDD002F8928 /* Release */ = {
			isa = XCBuildConfiguration;
			buildSettings = {
				ASSETCATALOG_COMPILER_APPICON_NAME = AppIcon;
				ASSETCATALOG_COMPILER_GLOBAL_ACCENT_COLOR_NAME = AccentColor;
				CODE_SIGN_STYLE = Automatic;
				CURRENT_PROJECT_VERSION = 1;
				DEVELOPMENT_ASSET_PATHS = "\"imager2/Preview Content\"";
				DEVELOPMENT_TEAM = 625H9BYZCZ;
				ENABLE_PREVIEWS = YES;
				GENERATE_INFOPLIST_FILE = YES;
				INFOPLIST_KEY_NSCameraUsageDescription = "We need camera access to scan text from images";
				INFOPLIST_KEY_NSMicrophoneUsageDescription = "We need access to the microphone to record your voice.";
				INFOPLIST_KEY_NSPhotoLibraryUsageDescription = "We need photo library access to select images for text extraction";
				INFOPLIST_KEY_NSSpeechRecognitionUsageDescription = "We need access to speech recognition to convert your voice to text.";
				INFOPLIST_KEY_UIApplicationSceneManifest_Generation = YES;
				INFOPLIST_KEY_UIApplicationSupportsIndirectInputEvents = YES;
				INFOPLIST_KEY_UILaunchScreen_Generation = YES;
				INFOPLIST_KEY_UISupportedInterfaceOrientations_iPad = "UIInterfaceOrientationPortrait UIInterfaceOrientationPortraitUpsideDown UIInterfaceOrientationLandscapeLeft UIInterfaceOrientationLandscapeRight";
				INFOPLIST_KEY_UISupportedInterfaceOrientations_iPhone = "UIInterfaceOrientationPortrait UIInterfaceOrientationLandscapeLeft UIInterfaceOrientationLandscapeRight";
				LD_RUNPATH_SEARCH_PATHS = (
					"$(inherited)",
					"@executable_path/Frameworks",
				);
				MARKETING_VERSION = 1.0;
				PRODUCT_BUNDLE_IDENTIFIER = com.speedy67.imager2;
				PRODUCT_NAME = "$(TARGET_NAME)";
				SWIFT_EMIT_LOC_STRINGS = YES;
				SWIFT_VERSION = 5.0;
				TARGETED_DEVICE_FAMILY = "1,2";
			};
			name = Release;
		};
		8EDF52432D153DDD002F8928 /* Debug */ = {
			isa = XCBuildConfiguration;
			buildSettings = {
				ALWAYS_EMBED_SWIFT_STANDARD_LIBRARIES = YES;
				BUNDLE_LOADER = "$(TEST_HOST)";
				CODE_SIGN_STYLE = Automatic;
				CURRENT_PROJECT_VERSION = 1;
				DEVELOPMENT_TEAM = 625H9BYZCZ;
				GENERATE_INFOPLIST_FILE = YES;
				IPHONEOS_DEPLOYMENT_TARGET = 17.2;
				MARKETING_VERSION = 1.0;
				PRODUCT_BUNDLE_IDENTIFIER = com.speedy67.imager2Tests;
				PRODUCT_NAME = "$(TARGET_NAME)";
				SWIFT_EMIT_LOC_STRINGS = NO;
				SWIFT_VERSION = 5.0;
				TARGETED_DEVICE_FAMILY = "1,2";
				TEST_HOST = "$(BUILT_PRODUCTS_DIR)/imager2.app/$(BUNDLE_EXECUTABLE_FOLDER_PATH)/imager2";
			};
			name = Debug;
		};
		8EDF52442D153DDD002F8928 /* Release */ = {
			isa = XCBuildConfiguration;
			buildSettings = {
				ALWAYS_EMBED_SWIFT_STANDARD_LIBRARIES = YES;
				BUNDLE_LOADER = "$(TEST_HOST)";
				CODE_SIGN_STYLE = Automatic;
				CURRENT_PROJECT_VERSION = 1;
				DEVELOPMENT_TEAM = 625H9BYZCZ;
				GENERATE_INFOPLIST_FILE = YES;
				IPHONEOS_DEPLOYMENT_TARGET = 17.2;
				MARKETING_VERSION = 1.0;
				PRODUCT_BUNDLE_IDENTIFIER = com.speedy67.imager2Tests;
				PRODUCT_NAME = "$(TARGET_NAME)";
				SWIFT_EMIT_LOC_STRINGS = NO;
				SWIFT_VERSION = 5.0;
				TARGETED_DEVICE_FAMILY = "1,2";
				TEST_HOST = "$(BUILT_PRODUCTS_DIR)/imager2.app/$(BUNDLE_EXECUTABLE_FOLDER_PATH)/imager2";
			};
			name = Release;
		};
		8EDF52462D153DDD002F8928 /* Debug */ = {
			isa = XCBuildConfiguration;
			buildSettings = {
				ALWAYS_EMBED_SWIFT_STANDARD_LIBRARIES = YES;
				CODE_SIGN_STYLE = Automatic;
				CURRENT_PROJECT_VERSION = 1;
				DEVELOPMENT_TEAM = 625H9BYZCZ;
				GENERATE_INFOPLIST_FILE = YES;
				MARKETING_VERSION = 1.0;
				PRODUCT_BUNDLE_IDENTIFIER = com.speedy67.imager2UITests;
				PRODUCT_NAME = "$(TARGET_NAME)";
				SWIFT_EMIT_LOC_STRINGS = NO;
				SWIFT_VERSION = 5.0;
				TARGETED_DEVICE_FAMILY = "1,2";
				TEST_TARGET_NAME = imager2;
			};
			name = Debug;
		};
		8EDF52472D153DDD002F8928 /* Release */ = {
			isa = XCBuildConfiguration;
			buildSettings = {
				ALWAYS_EMBED_SWIFT_STANDARD_LIBRARIES = YES;
				CODE_SIGN_STYLE = Automatic;
				CURRENT_PROJECT_VERSION = 1;
				DEVELOPMENT_TEAM = 625H9BYZCZ;
				GENERATE_INFOPLIST_FILE = YES;
				MARKETING_VERSION = 1.0;
				PRODUCT_BUNDLE_IDENTIFIER = com.speedy67.imager2UITests;
				PRODUCT_NAME = "$(TARGET_NAME)";
				SWIFT_EMIT_LOC_STRINGS = NO;
				SWIFT_VERSION = 5.0;
				TARGETED_DEVICE_FAMILY = "1,2";
				TEST_TARGET_NAME = imager2;
			};
			name = Release;
		};
/* End XCBuildConfiguration section */

/* Begin XCConfigurationList section */
		8EDF52162D153DDB002F8928 /* Build configuration list for PBXProject "imager2" */ = {
			isa = XCConfigurationList;
			buildConfigurations = (
				8EDF523D2D153DDD002F8928 /* Debug */,
				8EDF523E2D153DDD002F8928 /* Release */,
			);
			defaultConfigurationIsVisible = 0;
			defaultConfigurationName = Release;
		};
		8EDF523F2D153DDD002F8928 /* Build configuration list for PBXNativeTarget "imager2" */ = {
			isa = XCConfigurationList;
			buildConfigurations = (
				8EDF52402D153DDD002F8928 /* Debug */,
				8EDF52412D153DDD002F8928 /* Release */,
			);
			defaultConfigurationIsVisible = 0;
			defaultConfigurationName = Release;
		};
		8EDF52422D153DDD002F8928 /* Build configuration list for PBXNativeTarget "imager2Tests" */ = {
			isa = XCConfigurationList;
			buildConfigurations = (
				8EDF52432D153DDD002F8928 /* Debug */,
				8EDF52442D153DDD002F8928 /* Release */,
			);
			defaultConfigurationIsVisible = 0;
			defaultConfigurationName = Release;
		};
		8EDF52452D153DDD002F8928 /* Build configuration list for PBXNativeTarget "imager2UITests" */ = {
			isa = XCConfigurationList;
			buildConfigurations = (
				8EDF52462D153DDD002F8928 /* Debug */,
				8EDF52472D153DDD002F8928 /* Release */,
			);
			defaultConfigurationIsVisible = 0;
			defaultConfigurationName = Release;
		};
/* End XCConfigurationList section */
	};
	rootObject = 8EDF52132D153DDB002F8928 /* Project object */;
}
